
Microsoft Visual Studio Solution File, Format Version 12.00
# Visual Studio Version 17
VisualStudioVersion = 17.10.35013.160
MinimumVisualStudioVersion = 10.0.40219.1
Project("{FAE04EC0-301F-11D3-BF4B-00C04F79EFBC}") = "ModelBinding", "ModelBinding.csproj", "{7FFB58CF-5F21-4582-AF89-3E7C8ED4A62D}"
EndProject
Global
	GlobalSection(SolutionConfigurationPlatforms) = preSolution
		Debug|Any CPU = Debug|Any CPU
		Release|Any CPU = Release|Any CPU
	EndGlobalSection
	GlobalSection(ProjectConfigurationPlatforms) = postSolution
		{7FFB58CF-5F21-4582-AF89-3E7C8ED4A62D}.Debug|Any CPU.ActiveCfg = Debug|Any CPU
		{7FFB58CF-5F21-4582-AF89-3E7C8ED4A62D}.Debug|Any CPU.Build.0 = Debug|Any CPU
		{7FFB58CF-5F21-4582-AF89-3E7C8ED4A62D}.Release|Any CPU.ActiveCfg = Release|Any CPU
		{7FFB58CF-5F21-4582-AF89-3E7C8ED4A62D}.Release|Any CPU.Build.0 = Release|Any CPU
	EndGlobalSection
	GlobalSection(SolutionProperties) = preSolution
		HideSolutionNode = FALSE
	EndGlobalSection
	GlobalSection(ExtensibilityGlobals) = postSolution
		SolutionGuid = {7EE6EFF4-FB54-40F6-B372-4E5CCA2B6B47}
	EndGlobalSection
EndGlobal
